
Microsoft Visual Studio Solution File, Format Version 12.00
# Visual Studio Version 16
VisualStudioVersion = 16.0.31624.102
MinimumVisualStudioVersion = 10.0.40219.1
Project("{9A19103F-16F7-4668-BE54-9A1E7A4F7556}") = "Notatnik", "Notatnik.csproj", "{813D5EB7-CE10-495B-AB9D-28F309D85EFB}"
EndProject
Global
	GlobalSection(SolutionConfigurationPlatforms) = preSolution
		Debug|Any CPU = Debug|Any CPU
		Release|Any CPU = Release|Any CPU
	EndGlobalSection
	GlobalSection(ProjectConfigurationPlatforms) = postSolution
		{813D5EB7-CE10-495B-AB9D-28F309D85EFB}.Debug|Any CPU.ActiveCfg = Debug|Any CPU
		{813D5EB7-CE10-495B-AB9D-28F309D85EFB}.Debug|Any CPU.Build.0 = Debug|Any CPU
		{813D5EB7-CE10-495B-AB9D-28F309D85EFB}.Release|Any CPU.ActiveCfg = Release|Any CPU
		{813D5EB7-CE10-495B-AB9D-28F309D85EFB}.Release|Any CPU.Build.0 = Release|Any CPU
	EndGlobalSection
	GlobalSection(SolutionProperties) = preSolution
		HideSolutionNode = FALSE
	EndGlobalSection
	GlobalSection(ExtensibilityGlobals) = postSolution
		SolutionGuid = {1CCE00DF-D4E8-4418-867F-4EAA83249210}
	EndGlobalSection
EndGlobal
