
Microsoft Visual Studio Solution File, Format Version 12.00
# Visual Studio Version 16
VisualStudioVersion = 16.0.31624.102
MinimumVisualStudioVersion = 10.0.40219.1
Project("{FAE04EC0-301F-11D3-BF4B-00C04F79EFBC}") = "Test Bazy Danych", "Test Bazy Danych.csproj", "{6679F69D-6E76-4892-8334-2FF73B3F0D50}"
EndProject
Global
	GlobalSection(SolutionConfigurationPlatforms) = preSolution
		Debug|Any CPU = Debug|Any CPU
		Release|Any CPU = Release|Any CPU
	EndGlobalSection
	GlobalSection(ProjectConfigurationPlatforms) = postSolution
		{6679F69D-6E76-4892-8334-2FF73B3F0D50}.Debug|Any CPU.ActiveCfg = Debug|Any CPU
		{6679F69D-6E76-4892-8334-2FF73B3F0D50}.Debug|Any CPU.Build.0 = Debug|Any CPU
		{6679F69D-6E76-4892-8334-2FF73B3F0D50}.Release|Any CPU.ActiveCfg = Release|Any CPU
		{6679F69D-6E76-4892-8334-2FF73B3F0D50}.Release|Any CPU.Build.0 = Release|Any CPU
	EndGlobalSection
	GlobalSection(SolutionProperties) = preSolution
		HideSolutionNode = FALSE
	EndGlobalSection
	GlobalSection(ExtensibilityGlobals) = postSolution
		SolutionGuid = {182AE0EF-931C-44E3-B910-B599BD014EF3}
	EndGlobalSection
EndGlobal
